<?xml version="1.0" encoding="utf-8"?>
<Project xmlns="http://schemas.microsoft.com/developer/msbuild/2003">
  <PropertyGroup>
    <ProjectGuid>{41404e8d-7c9c-4960-8fe4-9710c13b5832}</ProjectGuid>
    <MainSource>Tinn_RPortable.dpr</MainSource>
    <Configuration Condition=" '$(Configuration)' == '' ">Release</Configuration>
    <Platform Condition=" '$(Platform)' == '' ">AnyCPU</Platform>
    <DCC_DCCCompiler>DCC32</DCC_DCCCompiler>
    <DCC_DependencyCheckOutputName>..\..\binPortable\Tinn_RPortable.exe</DCC_DependencyCheckOutputName>
  </PropertyGroup>
  <PropertyGroup Condition=" '$(Configuration)|$(Platform)' == 'Release|AnyCPU' ">
    <Version>7.0</Version>
    <DCC_DebugInformation>False</DCC_DebugInformation>
    <DCC_WriteableConstants>True</DCC_WriteableConstants>
    <DCC_LocalDebugSymbols>False</DCC_LocalDebugSymbols>
    <DCC_SymbolReferenceInfo>0</DCC_SymbolReferenceInfo>
    <DCC_ExeOutput>..\..\binPortable</DCC_ExeOutput>
    <DCC_DcuOutput>..\..\dcu</DCC_DcuOutput>
    <DCC_ObjOutput>..\..\dcu</DCC_ObjOutput>
    <DCC_HppOutput>..\..\dcu</DCC_HppOutput>
    <DCC_UnitSearchPath>..\components\abbrevia\source;..\components\EditAlign;..\components\FindFile;..\components\mxWebUpdate;..\components\SMDBGrid\Sources;..\components\SMDBNav;..\components\tb2k\Source;..\components\TSpellers;..\others;..\components\muconsole.1.00a</DCC_UnitSearchPath>
    <DCC_ResourcePath>..\components\abbrevia\source;..\components\EditAlign;..\components\FindFile;..\components\mxWebUpdate;..\components\SMDBGrid\Sources;..\components\SMDBNav;..\components\tb2k\Source;..\components\TSpellers;..\others;..\components\muconsole.1.00a</DCC_ResourcePath>
    <DCC_ObjPath>..\components\abbrevia\source;..\components\EditAlign;..\components\FindFile;..\components\mxWebUpdate;..\components\SMDBGrid\Sources;..\components\SMDBNav;..\components\tb2k\Source;..\components\TSpellers;..\others;..\components\muconsole.1.00a</DCC_ObjPath>
    <DCC_IncludePath>..\components\abbrevia\source;..\components\EditAlign;..\components\FindFile;..\components\mxWebUpdate;..\components\SMDBGrid\Sources;..\components\SMDBNav;..\components\tb2k\Source;..\components\TSpellers;..\others;..\components\muconsole.1.00a</DCC_IncludePath>
    <DCC_Define>RELEASE</DCC_Define>
    <DCC_SYMBOL_PLATFORM>False</DCC_SYMBOL_PLATFORM>
    <DCC_UNIT_PLATFORM>False</DCC_UNIT_PLATFORM>
  </PropertyGroup>
  <PropertyGroup Condition=" '$(Configuration)|$(Platform)' == 'Debug|AnyCPU' ">
    <Version>7.0</Version>
    <DCC_WriteableConstants>True</DCC_WriteableConstants>
    <DCC_ExeOutput>..\..\binPortable</DCC_ExeOutput>
    <DCC_DcuOutput>..\..\dcu</DCC_DcuOutput>
    <DCC_ObjOutput>..\..\dcu</DCC_ObjOutput>
    <DCC_HppOutput>..\..\dcu</DCC_HppOutput>
    <DCC_UnitSearchPath>..\components\abbrevia\source;..\components\EditAlign;..\components\FindFile;..\components\mxWebUpdate;..\components\SMDBGrid\Sources;..\components\SMDBNav;..\components\tb2k\Source;..\components\TSpellers;..\others;..\components\muconsole.1.00a</DCC_UnitSearchPath>
    <DCC_ResourcePath>..\components\abbrevia\source;..\components\EditAlign;..\components\FindFile;..\components\mxWebUpdate;..\components\SMDBGrid\Sources;..\components\SMDBNav;..\components\tb2k\Source;..\components\TSpellers;..\others;..\components\muconsole.1.00a</DCC_ResourcePath>
    <DCC_ObjPath>..\components\abbrevia\source;..\components\EditAlign;..\components\FindFile;..\components\mxWebUpdate;..\components\SMDBGrid\Sources;..\components\SMDBNav;..\components\tb2k\Source;..\components\TSpellers;..\others;..\components\muconsole.1.00a</DCC_ObjPath>
    <DCC_IncludePath>..\components\abbrevia\source;..\components\EditAlign;..\components\FindFile;..\components\mxWebUpdate;..\components\SMDBGrid\Sources;..\components\SMDBNav;..\components\tb2k\Source;..\components\TSpellers;..\others;..\components\muconsole.1.00a</DCC_IncludePath>
    <DCC_Define>DEBUG</DCC_Define>
    <DCC_SYMBOL_PLATFORM>False</DCC_SYMBOL_PLATFORM>
    <DCC_UNIT_PLATFORM>False</DCC_UNIT_PLATFORM>
  </PropertyGroup>
  <ProjectExtensions>
    <Borland.Personality>Delphi.Personality</Borland.Personality>
    <Borland.ProjectType>VCLApplication</Borland.ProjectType>
    <BorlandProject>
<BorlandProject><Delphi.Personality><Parameters><Parameters Name="DebugSourceDirs">...\source\;F:\$tinn-r\$tinn-r_2.0.0.2\source\components\muconsole.1.00a\;F:\$tinn-r\$tinn-r_2.0.0.2\source\components\SynEdit\Source\</Parameters><Parameters Name="UseLauncher">False</Parameters><Parameters Name="LoadAllSymbols">True</Parameters><Parameters Name="LoadUnspecifiedSymbols">False</Parameters></Parameters><VersionInfo><VersionInfo Name="IncludeVerInfo">True</VersionInfo><VersionInfo Name="AutoIncBuild">False</VersionInfo><VersionInfo Name="MajorVer">4</VersionInfo><VersionInfo Name="MinorVer">0</VersionInfo><VersionInfo Name="Release">3</VersionInfo><VersionInfo Name="Build">7</VersionInfo><VersionInfo Name="Debug">False</VersionInfo><VersionInfo Name="PreRelease">False</VersionInfo><VersionInfo Name="Special">False</VersionInfo><VersionInfo Name="Private">False</VersionInfo><VersionInfo Name="DLL">False</VersionInfo><VersionInfo Name="Locale">1033</VersionInfo><VersionInfo Name="CodePage">1252</VersionInfo></VersionInfo><VersionInfoKeys><VersionInfoKeys Name="CompanyName">Tinn-R Team</VersionInfoKeys><VersionInfoKeys Name="FileDescription">Tinn-R Editor</VersionInfoKeys><VersionInfoKeys Name="FileVersion">4.0.3.7</VersionInfoKeys><VersionInfoKeys Name="InternalName">Tinn-R</VersionInfoKeys><VersionInfoKeys Name="LegalCopyright">Under GPL (GNU Public License)</VersionInfoKeys><VersionInfoKeys Name="LegalTrademarks">Under GPL (GNU Public License)</VersionInfoKeys><VersionInfoKeys Name="OriginalFilename">Tinn</VersionInfoKeys><VersionInfoKeys Name="ProductName">Tinn-R Editor</VersionInfoKeys><VersionInfoKeys Name="ProductVersion">4.0.3.7</VersionInfoKeys></VersionInfoKeys><Source><Source Name="MainSource">Tinn_RPortable.dpr</Source></Source><Excluded_Packages>
      
      
      
      
      
      
      <Excluded_Packages Name="$(BDS)\bin\bcboffice2k100.bpl">CodeGear C++Builder Office 2000 Servers Package</Excluded_Packages>
      <Excluded_Packages Name="$(BDS)\bin\bcbofficexp100.bpl">CodeGear C++Builder Office XP Servers Package</Excluded_Packages>
      <Excluded_Packages Name="$(BDS)\bin\dcloffice2k100.bpl">Microsoft Office 2000 Sample Automation Server Wrapper Components</Excluded_Packages>
      <Excluded_Packages Name="$(BDS)\bin\dclofficexp100.bpl">Microsoft Office XP Sample Automation Server Wrapper Components</Excluded_Packages>
      <Excluded_Packages Name="C:\Users\jcfaria\Documents\RAD Studio\5.0\Bpl\PipesDesignTime.bpl">Pipe components by Russell Libby (Design Time)</Excluded_Packages>
      <Excluded_Packages Name="C:\Users\jcfaria\Documents\RAD Studio\5.0\Bpl\Package1.bpl">File C:\Users\jcfaria\Documents\RAD Studio\5.0\Bpl\Package1.bpl not found</Excluded_Packages>
    </Excluded_Packages></Delphi.Personality></BorlandProject></BorlandProject>
  </ProjectExtensions>
  <Import Project="$(MSBuildBinPath)\Borland.Delphi.Targets" />
  <ItemGroup>
    <DelphiCompile Include="Tinn_RPortable.dpr">
      <MainSource>MainSource</MainSource>
    </DelphiCompile>
    <DCCReference Include="..\diff\ufrmDiffMain.pas">
      <Form>frmDiffMain</Form>
    </DCCReference>
    <DCCReference Include="..\others\ATxCodepages.pas" />
    <DCCReference Include="..\others\sndkey32.pas" />
    <DCCReference Include="..\others\Split.pas" />
    <DCCReference Include="..\others\uActionMacro.pas" />
    <DCCReference Include="..\others\ufrmAsciiChart.pas">
      <Form>frmAsciiChart</Form>
    </DCCReference>
    <DCCReference Include="..\SynEdit_adapted\SynCompletionProposal.pas" />
    <DCCReference Include="..\SynEdit_adapted\SynEditOC.pas" />
    <DCCReference Include="..\SynEdit_adapted\SynEditPrintPreview.pas" />
    <DCCReference Include="..\SynEdit_adapted\SynEditStrConst.pas" />
    <DCCReference Include="..\SynEdit_highlighters\SynHighlighterAll.pas" />
    <DCCReference Include="..\SynEdit_highlighters\SynHighlighterR.pas" />
    <DCCReference Include="..\SynEdit_highlighters\SynHighlighterR_term.pas" />
    <DCCReference Include="..\SynEdit_highlighters\SynHighlighterTeX.pas" />
    <DCCReference Include="..\SynEdit_highlighters\SynHighlighterText.pas" />
    <DCCReference Include="..\SynEdit_highlighters\SynHighlighterText_term.pas" />
    <DCCReference Include="..\SynEdit_highlighters\SynHighlighterURI.pas" />
    <DCCReference Include="..\Tinn-RPortableApps\ufrmMain.pas">
      <Form>frmTinnMain</Form>
    </DCCReference>
    <DCCReference Include="..\Tinn-R\codeEditor.pas" />
    <DCCReference Include="..\Tinn-R\diffUnit.pas" />
    <DCCReference Include="..\Tinn-R\dirWatch.pas" />
    <DCCReference Include="..\Tinn-R\fileView.pas">
      <Form>frmFilesFrame</Form>
      <DesignClass>TFrame</DesignClass>
    </DCCReference>
    <DCCReference Include="..\Tinn-R\findReplace.pas" />
    <DCCReference Include="..\Tinn-R\folderView.pas">
      <Form>frmFoldersFrame</Form>
      <DesignClass>TFrame</DesignClass>
    </DCCReference>
    <DCCReference Include="..\Tinn-R\hashUnit.pas" />
    <DCCReference Include="..\Tinn-R\searches.pas" />
    <DCCReference Include="..\Tinn-R\trCodeSender.pas" />
    <DCCReference Include="..\Tinn-R\trRHistory.pas" />
    <DCCReference Include="..\Tinn-R\trUtils.pas" />
    <DCCReference Include="..\Tinn-R\udmSyn.pas">
      <Form>dmSyn</Form>
      <DesignClass>TDataModule</DesignClass>
    </DCCReference>
    <DCCReference Include="..\Tinn-R\ufrmAbout.pas">
      <Form>frmAbout</Form>
    </DCCReference>
    <DCCReference Include="..\Tinn-R\ufrmAppOptions.pas">
      <Form>frmAppOptions</Form>
    </DCCReference>
    <DCCReference Include="..\Tinn-R\ufrmColors.pas">
      <Form>frmColors</Form>
    </DCCReference>
    <DCCReference Include="..\Tinn-R\ufrmComments.pas">
      <Form>frmComments</Form>
    </DCCReference>
    <DCCReference Include="..\Tinn-R\ufrmCompletion.pas">
      <Form>frmCompletion</Form>
    </DCCReference>
    <DCCReference Include="..\Tinn-R\ufrmConfigurePrint.pas">
      <Form>frmConfigurePrint</Form>
    </DCCReference>
    <DCCReference Include="..\Tinn-R\ufrmConfirmReplace.pas">
      <Form>frmConfirmReplaceDialog</Form>
    </DCCReference>
    <DCCReference Include="..\Tinn-R\ufrmCount.pas">
      <Form>frmCount</Form>
    </DCCReference>
    <DCCReference Include="..\Tinn-R\ufrmEditor.pas">
      <Form>frmEditor</Form>
    </DCCReference>
    <DCCReference Include="..\Tinn-R\ufrmGotoBox.pas">
      <Form>frmGotoBox</Form>
    </DCCReference>
    <DCCReference Include="..\Tinn-R\ufrmGroupRename.pas">
      <Form>frmGroupRename</Form>
    </DCCReference>
    <DCCReference Include="..\Tinn-R\ufrmHotKeys.pas">
      <Form>frmHotKeys</Form>
    </DCCReference>
    <DCCReference Include="..\Tinn-R\ufrmLatexDimensional.pas">
      <Form>frmLatexDimensional</Form>
    </DCCReference>
    <DCCReference Include="..\Tinn-R\ufrmNewGoup.pas">
      <Form>frmNewGroup</Form>
    </DCCReference>
    <DCCReference Include="..\Tinn-R\ufrmPandoc.pas">
      <Form>frmPandoc</Form>
    </DCCReference>
    <DCCReference Include="..\Tinn-R\ufrmPrintPreview.pas">
      <Form>frmPrintPreview</Form>
    </DCCReference>
    <DCCReference Include="..\Tinn-R\ufrmRcard.pas">
      <Form>frmRcard</Form>
    </DCCReference>
    <DCCReference Include="..\Tinn-R\ufrmReplaceText.pas">
      <Form>frmReplaceDialog</Form>
    </DCCReference>
    <DCCReference Include="..\Tinn-R\ufrmRmirrors.pas">
      <Form>frmRmirrors</Form>
    </DCCReference>
    <DCCReference Include="..\Tinn-R\ufrmRServer.pas">
      <Form>frmRServer</Form>
    </DCCReference>
    <DCCReference Include="..\Tinn-R\ufrmRterm.pas">
      <Form>frmRterm</Form>
    </DCCReference>
    <DCCReference Include="..\Tinn-R\ufrmSearchInFiles.pas">
      <Form>frmSearchInFiles</Form>
    </DCCReference>
    <DCCReference Include="..\Tinn-R\ufrmSearchText.pas">
      <Form>frmSearchDialog</Form>
    </DCCReference>
    <DCCReference Include="..\Tinn-R\ufrmShortcuts.pas">
      <Form>frmShortcuts</Form>
    </DCCReference>
    <DCCReference Include="..\Tinn-R\ufrmSplash.pas">
      <Form>frmSplash</Form>
    </DCCReference>
    <DCCReference Include="..\Tinn-R\ufrmTools.pas">
      <Form>frmTools</Form>
    </DCCReference>
    <DCCReference Include="..\Tinn-R\uModDados.pas">
      <Form>modDados</Form>
      <DesignClass>TDataModule</DesignClass>
    </DCCReference>
    <DCCReference Include="ufrmMain.pas">
      <Form>frmTinnMain</Form>
    </DCCReference>
  </ItemGroup>
</Project>